
Microsoft Visual Studio Solution File, Format Version 12.00
# Visual Studio Version 17
VisualStudioVersion = 17.9.34728.123
MinimumVisualStudioVersion = 10.0.40219.1
Project("{2150E333-8FDC-42A3-9474-1A3956D46DE8}") = "Backend", "Backend", "{F2249483-BD53-4380-87A7-893ED0B7A536}"
EndProject
Project("{2150E333-8FDC-42A3-9474-1A3956D46DE8}") = "Api", "Api", "{E55F137A-DC11-41D0-A6F3-F24D58FC7F9C}"
EndProject
Project("{2150E333-8FDC-42A3-9474-1A3956D46DE8}") = "Data", "Data", "{6BA74DDC-4CE6-4D13-A218-F4626FBB48CE}"
EndProject
Project("{2150E333-8FDC-42A3-9474-1A3956D46DE8}") = "Frontend", "Frontend", "{5778DBAD-FAB7-4CC4-BCA7-6B5F4C39EF7A}"
EndProject
Project("{9A19103F-16F7-4668-BE54-9A1E7A4F7556}") = "BellsLibrary.Data", "BellsLibrary.Data\BellsLibrary.Data.csproj", "{4243B358-70DE-4D8F-A176-9E596C5E5865}"
	ProjectSection(ProjectDependencies) = postProject
		{E9DAE689-A5C5-43DF-A715-EBF649A07249} = {E9DAE689-A5C5-43DF-A715-EBF649A07249}
	EndProjectSection
EndProject
Project("{9A19103F-16F7-4668-BE54-9A1E7A4F7556}") = "BellsLibrary.Data.Models", "BellsLibrary.Data.Models\BellsLibrary.Data.Models.csproj", "{E9DAE689-A5C5-43DF-A715-EBF649A07249}"
EndProject
Project("{9A19103F-16F7-4668-BE54-9A1E7A4F7556}") = "BellsLibrary.App.Console", "BellsLibrary.App.Console\BellsLibrary.App.Console.csproj", "{BFF0EA4D-E104-4407-8B6C-2019FEDCB7CD}"
	ProjectSection(ProjectDependencies) = postProject
		{4243B358-70DE-4D8F-A176-9E596C5E5865} = {4243B358-70DE-4D8F-A176-9E596C5E5865}
		{E9DAE689-A5C5-43DF-A715-EBF649A07249} = {E9DAE689-A5C5-43DF-A715-EBF649A07249}
	EndProjectSection
EndProject
Project("{FAE04EC0-301F-11D3-BF4B-00C04F79EFBC}") = "BellsLibrary.API.MVC", "BellsLibrary.API\BellsLibrary.API.MVC.csproj", "{CB4968B8-D77E-4226-8C69-6ACFED770F13}"
EndProject
Project("{FAE04EC0-301F-11D3-BF4B-00C04F79EFBC}") = "BellsLibrary.API.Models", "BellsLibrary.API.Models\BellsLibrary.API.Models.csproj", "{7B57C03E-D43A-433E-9D58-0EDAB6585E05}"
EndProject
Project("{FAE04EC0-301F-11D3-BF4B-00C04F79EFBC}") = "BellsLibrary.API.Services", "BellsLibrary.API.Services\BellsLibrary.API.Services.csproj", "{63BCDE4A-DE7A-4621-B586-F5CDA44AF57A}"
EndProject
Project("{FAE04EC0-301F-11D3-BF4B-00C04F79EFBC}") = "BellsLibrary.UI", "BellsLibrary.UI\BellsLibrary.UI.csproj", "{9CE6A140-D4AB-458A-9C35-54CEFCCDC042}"
EndProject
Project("{FAE04EC0-301F-11D3-BF4B-00C04F79EFBC}") = "BellsLibrary.UI.Services", "BellsLibrary.UI.Services\BellsLibrary.UI.Services.csproj", "{B73B7D6B-323F-489F-8DF9-321F97BD4768}"
EndProject
Global
	GlobalSection(SolutionConfigurationPlatforms) = preSolution
		Debug|Any CPU = Debug|Any CPU
		Release|Any CPU = Release|Any CPU
	EndGlobalSection
	GlobalSection(ProjectConfigurationPlatforms) = postSolution
		{4243B358-70DE-4D8F-A176-9E596C5E5865}.Debug|Any CPU.ActiveCfg = Debug|Any CPU
		{4243B358-70DE-4D8F-A176-9E596C5E5865}.Debug|Any CPU.Build.0 = Debug|Any CPU
		{4243B358-70DE-4D8F-A176-9E596C5E5865}.Release|Any CPU.ActiveCfg = Release|Any CPU
		{4243B358-70DE-4D8F-A176-9E596C5E5865}.Release|Any CPU.Build.0 = Release|Any CPU
		{E9DAE689-A5C5-43DF-A715-EBF649A07249}.Debug|Any CPU.ActiveCfg = Debug|Any CPU
		{E9DAE689-A5C5-43DF-A715-EBF649A07249}.Debug|Any CPU.Build.0 = Debug|Any CPU
		{E9DAE689-A5C5-43DF-A715-EBF649A07249}.Release|Any CPU.ActiveCfg = Release|Any CPU
		{E9DAE689-A5C5-43DF-A715-EBF649A07249}.Release|Any CPU.Build.0 = Release|Any CPU
		{BFF0EA4D-E104-4407-8B6C-2019FEDCB7CD}.Debug|Any CPU.ActiveCfg = Debug|Any CPU
		{BFF0EA4D-E104-4407-8B6C-2019FEDCB7CD}.Debug|Any CPU.Build.0 = Debug|Any CPU
		{BFF0EA4D-E104-4407-8B6C-2019FEDCB7CD}.Release|Any CPU.ActiveCfg = Release|Any CPU
		{BFF0EA4D-E104-4407-8B6C-2019FEDCB7CD}.Release|Any CPU.Build.0 = Release|Any CPU
		{CB4968B8-D77E-4226-8C69-6ACFED770F13}.Debug|Any CPU.ActiveCfg = Debug|Any CPU
		{CB4968B8-D77E-4226-8C69-6ACFED770F13}.Debug|Any CPU.Build.0 = Debug|Any CPU
		{CB4968B8-D77E-4226-8C69-6ACFED770F13}.Release|Any CPU.ActiveCfg = Release|Any CPU
		{CB4968B8-D77E-4226-8C69-6ACFED770F13}.Release|Any CPU.Build.0 = Release|Any CPU
		{7B57C03E-D43A-433E-9D58-0EDAB6585E05}.Debug|Any CPU.ActiveCfg = Debug|Any CPU
		{7B57C03E-D43A-433E-9D58-0EDAB6585E05}.Debug|Any CPU.Build.0 = Debug|Any CPU
		{7B57C03E-D43A-433E-9D58-0EDAB6585E05}.Release|Any CPU.ActiveCfg = Release|Any CPU
		{7B57C03E-D43A-433E-9D58-0EDAB6585E05}.Release|Any CPU.Build.0 = Release|Any CPU
		{63BCDE4A-DE7A-4621-B586-F5CDA44AF57A}.Debug|Any CPU.ActiveCfg = Debug|Any CPU
		{63BCDE4A-DE7A-4621-B586-F5CDA44AF57A}.Debug|Any CPU.Build.0 = Debug|Any CPU
		{63BCDE4A-DE7A-4621-B586-F5CDA44AF57A}.Release|Any CPU.ActiveCfg = Release|Any CPU
		{63BCDE4A-DE7A-4621-B586-F5CDA44AF57A}.Release|Any CPU.Build.0 = Release|Any CPU
		{9CE6A140-D4AB-458A-9C35-54CEFCCDC042}.Debug|Any CPU.ActiveCfg = Debug|Any CPU
		{9CE6A140-D4AB-458A-9C35-54CEFCCDC042}.Debug|Any CPU.Build.0 = Debug|Any CPU
		{9CE6A140-D4AB-458A-9C35-54CEFCCDC042}.Release|Any CPU.ActiveCfg = Release|Any CPU
		{9CE6A140-D4AB-458A-9C35-54CEFCCDC042}.Release|Any CPU.Build.0 = Release|Any CPU
		{B73B7D6B-323F-489F-8DF9-321F97BD4768}.Debug|Any CPU.ActiveCfg = Debug|Any CPU
		{B73B7D6B-323F-489F-8DF9-321F97BD4768}.Debug|Any CPU.Build.0 = Debug|Any CPU
		{B73B7D6B-323F-489F-8DF9-321F97BD4768}.Release|Any CPU.ActiveCfg = Release|Any CPU
		{B73B7D6B-323F-489F-8DF9-321F97BD4768}.Release|Any CPU.Build.0 = Release|Any CPU
	EndGlobalSection
	GlobalSection(SolutionProperties) = preSolution
		HideSolutionNode = FALSE
	EndGlobalSection
	GlobalSection(NestedProjects) = preSolution
		{E55F137A-DC11-41D0-A6F3-F24D58FC7F9C} = {F2249483-BD53-4380-87A7-893ED0B7A536}
		{6BA74DDC-4CE6-4D13-A218-F4626FBB48CE} = {F2249483-BD53-4380-87A7-893ED0B7A536}
		{4243B358-70DE-4D8F-A176-9E596C5E5865} = {6BA74DDC-4CE6-4D13-A218-F4626FBB48CE}
		{E9DAE689-A5C5-43DF-A715-EBF649A07249} = {6BA74DDC-4CE6-4D13-A218-F4626FBB48CE}
		{BFF0EA4D-E104-4407-8B6C-2019FEDCB7CD} = {6BA74DDC-4CE6-4D13-A218-F4626FBB48CE}
		{CB4968B8-D77E-4226-8C69-6ACFED770F13} = {E55F137A-DC11-41D0-A6F3-F24D58FC7F9C}
		{7B57C03E-D43A-433E-9D58-0EDAB6585E05} = {E55F137A-DC11-41D0-A6F3-F24D58FC7F9C}
		{63BCDE4A-DE7A-4621-B586-F5CDA44AF57A} = {E55F137A-DC11-41D0-A6F3-F24D58FC7F9C}
		{9CE6A140-D4AB-458A-9C35-54CEFCCDC042} = {5778DBAD-FAB7-4CC4-BCA7-6B5F4C39EF7A}
		{B73B7D6B-323F-489F-8DF9-321F97BD4768} = {5778DBAD-FAB7-4CC4-BCA7-6B5F4C39EF7A}
	EndGlobalSection
	GlobalSection(ExtensibilityGlobals) = postSolution
		SolutionGuid = {8EA96EB5-62FE-4EBD-B902-B467A055859C}
	EndGlobalSection
EndGlobal
